
Microsoft Visual Studio Solution File, Format Version 12.00
# Visual Studio Version 16
VisualStudioVersion = 16.0.30523.141
MinimumVisualStudioVersion = 10.0.40219.1
Project("{FAE04EC0-301F-11D3-BF4B-00C04F79EFBC}") = "Proto", "Proto\Proto.csproj", "{ECEB6E37-7A8F-4459-BBF8-631A8DAF99C6}"
EndProject
Global
	GlobalSection(SolutionConfigurationPlatforms) = preSolution
		Debug|Any CPU = Debug|Any CPU
		Release|Any CPU = Release|Any CPU
	EndGlobalSection
	GlobalSection(ProjectConfigurationPlatforms) = postSolution
		{ECEB6E37-7A8F-4459-BBF8-631A8DAF99C6}.Debug|Any CPU.ActiveCfg = Debug|Any CPU
		{ECEB6E37-7A8F-4459-BBF8-631A8DAF99C6}.Debug|Any CPU.Build.0 = Debug|Any CPU
		{ECEB6E37-7A8F-4459-BBF8-631A8DAF99C6}.Release|Any CPU.ActiveCfg = Release|Any CPU
		{ECEB6E37-7A8F-4459-BBF8-631A8DAF99C6}.Release|Any CPU.Build.0 = Release|Any CPU
	EndGlobalSection
	GlobalSection(SolutionProperties) = preSolution
		HideSolutionNode = FALSE
	EndGlobalSection
	GlobalSection(ExtensibilityGlobals) = postSolution
		SolutionGuid = {01F3747E-73B9-490E-8DB1-F239D22297C6}
	EndGlobalSection
EndGlobal
