
Microsoft Visual Studio Solution File, Format Version 12.00
# Visual Studio Version 16
VisualStudioVersion = 16.0.30523.141
MinimumVisualStudioVersion = 10.0.40219.1
Project("{FAE04EC0-301F-11D3-BF4B-00C04F79EFBC}") = "CapaVistaVentas", "CapaVistaVentas\CapaVistaVentas.csproj", "{E29BEF20-5515-4867-9776-4EEB40912A40}"
EndProject
Project("{FAE04EC0-301F-11D3-BF4B-00C04F79EFBC}") = "CapaControladoraVentas", "CapaControladora\CapaControladoraVentas.csproj", "{A29F35E1-39F9-437C-AE77-E30DAE3ACE3B}"
EndProject
Project("{FAE04EC0-301F-11D3-BF4B-00C04F79EFBC}") = "CapaModeloVentas", "CapaModeloVentas\CapaModeloVentas.csproj", "{5057D2B1-4394-4CDF-8775-D733F2EEA604}"
EndProject
Global
	GlobalSection(SolutionConfigurationPlatforms) = preSolution
		Debug|Any CPU = Debug|Any CPU
		Release|Any CPU = Release|Any CPU
	EndGlobalSection
	GlobalSection(ProjectConfigurationPlatforms) = postSolution
		{E29BEF20-5515-4867-9776-4EEB40912A40}.Debug|Any CPU.ActiveCfg = Debug|Any CPU
		{E29BEF20-5515-4867-9776-4EEB40912A40}.Debug|Any CPU.Build.0 = Debug|Any CPU
		{E29BEF20-5515-4867-9776-4EEB40912A40}.Release|Any CPU.ActiveCfg = Release|Any CPU
		{E29BEF20-5515-4867-9776-4EEB40912A40}.Release|Any CPU.Build.0 = Release|Any CPU
		{A29F35E1-39F9-437C-AE77-E30DAE3ACE3B}.Debug|Any CPU.ActiveCfg = Debug|Any CPU
		{A29F35E1-39F9-437C-AE77-E30DAE3ACE3B}.Debug|Any CPU.Build.0 = Debug|Any CPU
		{A29F35E1-39F9-437C-AE77-E30DAE3ACE3B}.Release|Any CPU.ActiveCfg = Release|Any CPU
		{A29F35E1-39F9-437C-AE77-E30DAE3ACE3B}.Release|Any CPU.Build.0 = Release|Any CPU
		{5057D2B1-4394-4CDF-8775-D733F2EEA604}.Debug|Any CPU.ActiveCfg = Debug|Any CPU
		{5057D2B1-4394-4CDF-8775-D733F2EEA604}.Debug|Any CPU.Build.0 = Debug|Any CPU
		{5057D2B1-4394-4CDF-8775-D733F2EEA604}.Release|Any CPU.ActiveCfg = Release|Any CPU
		{5057D2B1-4394-4CDF-8775-D733F2EEA604}.Release|Any CPU.Build.0 = Release|Any CPU
	EndGlobalSection
	GlobalSection(SolutionProperties) = preSolution
		HideSolutionNode = FALSE
	EndGlobalSection
	GlobalSection(ExtensibilityGlobals) = postSolution
		SolutionGuid = {2200C627-706B-4062-88BF-65DB4028E43B}
	EndGlobalSection
EndGlobal
